{
  "version": 4,
  "terraform_version": "0.12.23",
  "serial": 25,
  "lineage": "d2dccb47-9c02-270e-31e6-7f1c050ab19d",
  "outputs": {
    "cocatResult": {
      "value": [
        [
          "ns-1058.awsdns-04.org",
          "ns-1850.awsdns-39.co.uk",
          "ns-22.awsdns-02.com",
          "ns-815.awsdns-37.net"
        ],
        [
          "Nelli",
          "Balasekhar"
        ]
      ],
      "type": [
        "tuple",
        [
          [
            "tuple",
            [
              "string",
              "string",
              "string",
              "string"
            ]
          ],
          [
            "list",
            "string"
          ]
        ]
      ]
    },
    "myName": {
      "value": [
        "Nelli",
        "Chintu",
        "Bala",
        "Sekhar"
      ],
      "type": [
        "list",
        "string"
      ]
    },
    "myNameList": {
      "value": [
        "Nelli",
        "Balasekhar"
      ],
      "type": [
        "list",
        "string"
      ]
    },
    "name_servers_0": {
      "value": [
        [
          "ns-1058.awsdns-04.org",
          "ns-1850.awsdns-39.co.uk",
          "ns-22.awsdns-02.com",
          "ns-815.awsdns-37.net"
        ]
      ],
      "type": [
        "tuple",
        [
          [
            "list",
            "string"
          ]
        ]
      ]
    },
    "name_servers_01": {
      "value": [
        "ns-1058.awsdns-04.org",
        "ns-1850.awsdns-39.co.uk",
        "ns-22.awsdns-02.com",
        "ns-815.awsdns-37.net"
      ],
      "type": [
        "list",
        "string"
      ]
    },
    "name_servers_1": {
      "value": [
        [
          "ns-1058.awsdns-04.org",
          "ns-1850.awsdns-39.co.uk",
          "ns-22.awsdns-02.com",
          "ns-815.awsdns-37.net"
        ],
        ""
      ],
      "type": [
        "tuple",
        [
          [
            "list",
            "string"
          ],
          "string"
        ]
      ]
    },
    "name_servers_2": {
      "value": [
        [
          "ns-1058.awsdns-04.org",
          "ns-1850.awsdns-39.co.uk",
          "ns-22.awsdns-02.com",
          "ns-815.awsdns-37.net"
        ],
        "Bala",
        "sekhar"
      ],
      "type": [
        "tuple",
        [
          [
            "list",
            "string"
          ],
          "string",
          "string"
        ]
      ]
    },
    "name_servers_3": {
      "value": [
        "ns-1058.awsdns-04.org",
        "ns-1850.awsdns-39.co.uk",
        "ns-22.awsdns-02.com",
        "ns-815.awsdns-37.net"
      ],
      "type": [
        "list",
        "string"
      ]
    },
    "name_servers_4": {
      "value": [
        "ns-1058.awsdns-04.org",
        "ns-1850.awsdns-39.co.uk",
        "ns-22.awsdns-02.com",
        "ns-815.awsdns-37.net"
      ],
      "type": [
        "tuple",
        [
          "string",
          "string",
          "string",
          "string"
        ]
      ]
    },
    "zone_id": {
      "value": [
        "Z03519873IT6KQ8QF0PRB"
      ],
      "type": [
        "list",
        "string"
      ]
    }
  },
  "resources": [
    {
      "mode": "managed",
      "type": "aws_route53_zone",
      "name": "primary",
      "provider": "provider.aws",
      "instances": [
        {
          "schema_version": 0,
          "attributes": {
            "comment": "Public Hosted Zone",
            "delegation_set_id": "",
            "force_destroy": true,
            "id": "Z03519873IT6KQ8QF0PRB",
            "name": "abc.com.",
            "name_servers": [
              "ns-1058.awsdns-04.org",
              "ns-1850.awsdns-39.co.uk",
              "ns-22.awsdns-02.com",
              "ns-815.awsdns-37.net"
            ],
            "tags": {
              "Name": "us-east-1-use1"
            },
            "vpc": [],
            "vpc_id": null,
            "vpc_region": null,
            "zone_id": "Z03519873IT6KQ8QF0PRB"
          },
          "private": "bnVsbA=="
        }
      ]
    }
  ]
}
